<?xml version="1.0" encoding="utf-8"?>
<Project ToolsVersion="12.0" xmlns="http://schemas.microsoft.com/developer/msbuild/2003">
  <ItemGroup>
    <ClCompile Include="$(MSBuildThisFileDirectory)src\CircularDataBuffer.cpp" />
    <ClCompile Include="$(MSBuildThisFileDirectory)src\GsmLogger.cpp" />
    <ClCompile Include="$(MSBuildThisFileDirectory)src\MappingHelpers.cpp" />
    <ClCompile Include="$(MSBuildThisFileDirectory)src\S900Socket.cpp" />
    <ClCompile Include="$(MSBuildThisFileDirectory)src\Functions\FunctionBase.cpp" />
    <ClCompile Include="$(MSBuildThisFileDirectory)src\Functions\FunctionGetImei.cpp" />
    <ClCompile Include="$(MSBuildThisFileDirectory)src\Functions\FunctionGetLocation.cpp" />
    <ClCompile Include="$(MSBuildThisFileDirectory)src\SimcomGsmLib.cpp" />
    <ClCompile Include="$(MSBuildThisFileDirectory)src\Parsing\ParserSim900.cpp" />
    <ClCompile Include="$(MSBuildThisFileDirectory)src\Parsing\DelimParser.cpp" />
    <ClCompile Include="$(MSBuildThisFileDirectory)src\Parsing\SequenceDetector.cpp" />
  </ItemGroup>
  <ItemGroup>
    <ClInclude Include="$(MSBuildThisFileDirectory)src\CircularDataBuffer.h" />
    <ClInclude Include="$(MSBuildThisFileDirectory)src\GsmDebugHelpers.h" />
    <ClInclude Include="$(MSBuildThisFileDirectory)src\GsmLogger.h" />
    <ClInclude Include="$(MSBuildThisFileDirectory)src\MappingHelpers.h" />
    <ClInclude Include="$(MSBuildThisFileDirectory)src\S900Socket.h" />
    <ClInclude Include="$(MSBuildThisFileDirectory)src\Sim900Constants.h" />
    <ClInclude Include="$(MSBuildThisFileDirectory)src\Sim900Context.h" />
    <ClInclude Include="$(MSBuildThisFileDirectory)src\Functions\FunctionBase.h" />
    <ClInclude Include="$(MSBuildThisFileDirectory)src\Functions\FunctionGetImei.h" />
    <ClInclude Include="$(MSBuildThisFileDirectory)src\Functions\FunctionGetLocation.h" />
    <ClInclude Include="$(MSBuildThisFileDirectory)src\SimcomGsmLib.h" />
    <ClInclude Include="$(MSBuildThisFileDirectory)src\Parsing\ParserSim900.h" />
    <ClInclude Include="$(MSBuildThisFileDirectory)src\Parsing\DelimParser.h" />
    <ClInclude Include="$(MSBuildThisFileDirectory)src\Parsing\SequenceDetector.h" />
    <ClInclude Include="$(MSBuildThisFileDirectory)src\SimcomGsmTypes.h" />
  </ItemGroup>
  <ItemGroup>
    <Filter Include="Functions">
      <UniqueIdentifier>{c469f579-b409-4439-8331-16037d25c153}</UniqueIdentifier>
    </Filter>
    <Filter Include="Helpers">
      <UniqueIdentifier>{83bf437d-71cc-44d9-825c-2689cbbac34b}</UniqueIdentifier>
    </Filter>
  </ItemGroup>
  <ItemGroup>
    <Text Include="$(MSBuildThisFileDirectory)library.properties" />
  </ItemGroup>
  <ItemGroup>
    <None Include="$(MSBuildThisFileDirectory).gitattributes" />
    <None Include="$(MSBuildThisFileDirectory).gitignore" />
  </ItemGroup>
</Project>